
Microsoft Visual Studio Solution File, Format Version 11.00
# Visual Studio 2010
Project("{8BC9CEB8-8B4A-11D0-8D11-00A0C91BC942}") = "BlogTrans", "BlogTrans\BlogTrans.vcxproj", "{E9CB9324-18FD-46DE-9CCE-926767D8FC6E}"
EndProject
Project("{8BC9CEB8-8B4A-11D0-8D11-00A0C91BC942}") = "Utility", "Utility\Utility.vcxproj", "{D6AC4835-0F44-42B4-8C71-B483E4261FC3}"
EndProject
Global
	GlobalSection(SolutionConfigurationPlatforms) = preSolution
		Debug|Win32 = Debug|Win32
		Release|Win32 = Release|Win32
	EndGlobalSection
	GlobalSection(ProjectConfigurationPlatforms) = postSolution
		{E9CB9324-18FD-46DE-9CCE-926767D8FC6E}.Debug|Win32.ActiveCfg = Debug|Win32
		{E9CB9324-18FD-46DE-9CCE-926767D8FC6E}.Debug|Win32.Build.0 = Debug|Win32
		{E9CB9324-18FD-46DE-9CCE-926767D8FC6E}.Release|Win32.ActiveCfg = Release|Win32
		{E9CB9324-18FD-46DE-9CCE-926767D8FC6E}.Release|Win32.Build.0 = Release|Win32
		{D6AC4835-0F44-42B4-8C71-B483E4261FC3}.Debug|Win32.ActiveCfg = Debug|Win32
		{D6AC4835-0F44-42B4-8C71-B483E4261FC3}.Debug|Win32.Build.0 = Debug|Win32
		{D6AC4835-0F44-42B4-8C71-B483E4261FC3}.Release|Win32.ActiveCfg = Release|Win32
		{D6AC4835-0F44-42B4-8C71-B483E4261FC3}.Release|Win32.Build.0 = Release|Win32
	EndGlobalSection
	GlobalSection(SolutionProperties) = preSolution
		HideSolutionNode = FALSE
	EndGlobalSection
EndGlobal
