<?xml version="1.0" encoding="utf-8"?>
<Project ToolsVersion="4.0" xmlns="http://schemas.microsoft.com/developer/msbuild/2003">
  <ItemGroup>
    <Filter Include="XmlParser">
      <UniqueIdentifier>{7f4e4951-b02c-427d-9775-f0eafea9dec2}</UniqueIdentifier>
    </Filter>
    <Filter Include="XmlRpc">
      <UniqueIdentifier>{c1c227be-25ac-4d80-99f8-e358e420bb45}</UniqueIdentifier>
    </Filter>
    <Filter Include="MetaWeblog">
      <UniqueIdentifier>{1c28dbf5-530f-46a8-93c7-d8568b37d6fd}</UniqueIdentifier>
    </Filter>
    <Filter Include="HttpIO">
      <UniqueIdentifier>{1488cb6a-3bdb-4e37-a5e0-fa8fe2a21ba9}</UniqueIdentifier>
    </Filter>
    <Filter Include="ImgPicker">
      <UniqueIdentifier>{4FC737F1-C7A5-4376-A066-2A32D752A2FF}</UniqueIdentifier>
      <Extensions>cpp;c;cc;cxx;def;odl;idl;hpj;bat;asm;asmx</Extensions>
    </Filter>
  </ItemGroup>
  <ItemGroup>
    <ClInclude Include="XmlParser.h">
      <Filter>XmlParser</Filter>
    </ClInclude>
    <ClInclude Include="HttpIO.h">
      <Filter>HttpIO</Filter>
    </ClInclude>
    <ClInclude Include="XmlRpcValue.h">
      <Filter>XmlRpc</Filter>
    </ClInclude>
    <ClInclude Include="Base64.h">
      <Filter>XmlRpc</Filter>
    </ClInclude>
    <ClInclude Include="XmlRpc.h">
      <Filter>XmlRpc</Filter>
    </ClInclude>
    <ClInclude Include="Encoding.h">
      <Filter>XmlRpc</Filter>
    </ClInclude>
    <ClInclude Include="MetaWeblog.h">
      <Filter>MetaWeblog</Filter>
    </ClInclude>
    <ClInclude Include="MetaWeblogTypes.h">
      <Filter>MetaWeblog</Filter>
    </ClInclude>
    <ClInclude Include="ImgPicker.h">
      <Filter>ImgPicker</Filter>
    </ClInclude>
  </ItemGroup>
  <ItemGroup>
    <ClCompile Include="XmlParser.cpp">
      <Filter>XmlParser</Filter>
    </ClCompile>
    <ClCompile Include="HttpIO.cpp">
      <Filter>HttpIO</Filter>
    </ClCompile>
    <ClCompile Include="XmlRpcValue.cpp">
      <Filter>XmlRpc</Filter>
    </ClCompile>
    <ClCompile Include="Base64.cpp">
      <Filter>XmlRpc</Filter>
    </ClCompile>
    <ClCompile Include="XmlRpc.cpp">
      <Filter>XmlRpc</Filter>
    </ClCompile>
    <ClCompile Include="Encoding.cpp">
      <Filter>XmlRpc</Filter>
    </ClCompile>
    <ClCompile Include="MetaWeblog.cpp">
      <Filter>MetaWeblog</Filter>
    </ClCompile>
    <ClCompile Include="ImgPicker.cpp">
      <Filter>ImgPicker</Filter>
    </ClCompile>
  </ItemGroup>
</Project>